
Microsoft Visual Studio Solution File, Format Version 12.00
# Visual Studio Version 16
VisualStudioVersion = 25.0.1703.8
MinimumVisualStudioVersion = 10.0.40219.1
Project("{FAE04EC0-301F-11D3-BF4B-00C04F79EFBC}") = "BankApp", "BankApp\BankApp.csproj", "{4E230459-9659-4C91-9541-1974DE468D04}"
EndProject
Global
	GlobalSection(SolutionConfigurationPlatforms) = preSolution
		Debug|Any CPU = Debug|Any CPU
		Release|Any CPU = Release|Any CPU
	EndGlobalSection
	GlobalSection(ProjectConfigurationPlatforms) = postSolution
		{4E230459-9659-4C91-9541-1974DE468D04}.Debug|Any CPU.ActiveCfg = Debug|Any CPU
		{4E230459-9659-4C91-9541-1974DE468D04}.Debug|Any CPU.Build.0 = Debug|Any CPU
		{4E230459-9659-4C91-9541-1974DE468D04}.Release|Any CPU.ActiveCfg = Release|Any CPU
		{4E230459-9659-4C91-9541-1974DE468D04}.Release|Any CPU.Build.0 = Release|Any CPU
	EndGlobalSection
	GlobalSection(SolutionProperties) = preSolution
		HideSolutionNode = FALSE
	EndGlobalSection
	GlobalSection(ExtensibilityGlobals) = postSolution
		SolutionGuid = {A3822C24-B3B7-4BA7-931C-DAF85BE61C21}
	EndGlobalSection
EndGlobal
